
Microsoft Visual Studio Solution File, Format Version 12.00
# Visual Studio Version 17
VisualStudioVersion = 17.13.35828.75
MinimumVisualStudioVersion = 10.0.40219.1
Project("{2150E333-8FDC-42A3-9474-1A3956D46DE8}") = "Estudos.Common", "Estudos.Common", "{02EA681E-C7D8-13C7-8484-4AC65E1B71E8}"
EndProject
Project("{2150E333-8FDC-42A3-9474-1A3956D46DE8}") = "Estudos.WCF", "Estudos.WCF", "{A977DBE5-AF2C-4F0B-ACA8-9D96DFFE7EB3}"
EndProject
Project("{2150E333-8FDC-42A3-9474-1A3956D46DE8}") = "Estudos.Web", "Estudos.Web", "{2BB4BE72-D070-482F-8333-408BC59E01E4}"
EndProject
Project("{2150E333-8FDC-42A3-9474-1A3956D46DE8}") = "Estudos.Database", "Estudos.Database", "{D6A19966-B551-4CBA-8230-908D7FA59D9B}"
EndProject
Project("{FAE04EC0-301F-11D3-BF4B-00C04F79EFBC}") = "Estudos.Data.NHibernate", "Estudos.Data.NHibernate\Estudos.Data.NHibernate.csproj", "{9B9C910E-4ED8-4CED-BA1B-7C8A70E1DA29}"
EndProject
Project("{2150E333-8FDC-42A3-9474-1A3956D46DE8}") = "Itens de Solução", "Itens de Solução", "{380A7511-A354-6D7A-0CC0-8FA1F1BA7B6C}"
	ProjectSection(SolutionItems) = preProject
		.gitignore = .gitignore
	EndProjectSection
EndProject
Global
	GlobalSection(SolutionConfigurationPlatforms) = preSolution
		Debug|Any CPU = Debug|Any CPU
		Release|Any CPU = Release|Any CPU
	EndGlobalSection
	GlobalSection(ProjectConfigurationPlatforms) = postSolution
		{9B9C910E-4ED8-4CED-BA1B-7C8A70E1DA29}.Debug|Any CPU.ActiveCfg = Debug|Any CPU
		{9B9C910E-4ED8-4CED-BA1B-7C8A70E1DA29}.Debug|Any CPU.Build.0 = Debug|Any CPU
		{9B9C910E-4ED8-4CED-BA1B-7C8A70E1DA29}.Release|Any CPU.ActiveCfg = Release|Any CPU
		{9B9C910E-4ED8-4CED-BA1B-7C8A70E1DA29}.Release|Any CPU.Build.0 = Release|Any CPU
	EndGlobalSection
	GlobalSection(SolutionProperties) = preSolution
		HideSolutionNode = FALSE
	EndGlobalSection
	GlobalSection(NestedProjects) = preSolution
		{9B9C910E-4ED8-4CED-BA1B-7C8A70E1DA29} = {A977DBE5-AF2C-4F0B-ACA8-9D96DFFE7EB3}
	EndGlobalSection
	GlobalSection(ExtensibilityGlobals) = postSolution
		SolutionGuid = {7C3005A7-A3C6-4604-BFBE-D664EF45DF3C}
	EndGlobalSection
EndGlobal
